
Microsoft Visual Studio Solution File, Format Version 12.00
# Visual Studio 15
VisualStudioVersion = 15.0.28307.421
MinimumVisualStudioVersion = 10.0.40219.1
Project("{FAE04EC0-301F-11D3-BF4B-00C04F79EFBC}") = "Hello", "Hello\Hello.csproj", "{9FFAADA3-78F4-4859-B103-27B37C21DE48}"
EndProject
Global
	GlobalSection(SolutionConfigurationPlatforms) = preSolution
		Debug|Any CPU = Debug|Any CPU
		Release|Any CPU = Release|Any CPU
	EndGlobalSection
	GlobalSection(ProjectConfigurationPlatforms) = postSolution
		{9FFAADA3-78F4-4859-B103-27B37C21DE48}.Debug|Any CPU.ActiveCfg = Debug|Any CPU
		{9FFAADA3-78F4-4859-B103-27B37C21DE48}.Debug|Any CPU.Build.0 = Debug|Any CPU
		{9FFAADA3-78F4-4859-B103-27B37C21DE48}.Release|Any CPU.ActiveCfg = Release|Any CPU
		{9FFAADA3-78F4-4859-B103-27B37C21DE48}.Release|Any CPU.Build.0 = Release|Any CPU
	EndGlobalSection
	GlobalSection(SolutionProperties) = preSolution
		HideSolutionNode = FALSE
	EndGlobalSection
	GlobalSection(ExtensibilityGlobals) = postSolution
		SolutionGuid = {D18E7B07-A518-4B5B-9F4B-6628B0DF3451}
	EndGlobalSection
EndGlobal
